<?xml version="1.0" encoding="utf-8"?>
<Project ToolsVersion="4.0" xmlns="http://schemas.microsoft.com/developer/msbuild/2003">
  <ItemGroup>
    <ClCompile Include="Direction.cpp" />
    <ClCompile Include="Maze.cpp" />
    <ClCompile Include="MazeHorror.cpp" />
  </ItemGroup>
  <ItemGroup>
    <ClInclude Include="Direction.h" />
    <ClInclude Include="Maze.h" />
    <ClInclude Include="resource.h" />
  </ItemGroup>
  <ItemGroup>
    <ResourceCompile Include="MazeHorror.rc" />
  </ItemGroup>
  <ItemGroup>
    <Media Include="Sounds\benzopila.wav" />
    <Media Include="Sounds\krik.mp3" />
    <Media Include="Sounds\scary_sound.mp3" />
  </ItemGroup>
  <ItemGroup>
    <None Include="packages.config" />
  </ItemGroup>
</Project>